// !$*UTF8*$!
{
	archiveVersion = 1;
	classes = {
	};
	objectVersion = 55;
	objects = {

/* Begin PBXBuildFile section */
		A71A38EE287E41090081F0F6 /* CustomTextField.swift in Sources */ = {isa = PBXBuildFile; fileRef = A71A38ED287E41090081F0F6 /* CustomTextField.swift */; };
		A7B75C3B27D825A400A9EE42 /* FeedCell.swift in Sources */ = {isa = PBXBuildFile; fileRef = A7B75C3A27D825A400A9EE42 /* FeedCell.swift */; };
		A7B75C3D27D8269500A9EE42 /* Extensions.swift in Sources */ = {isa = PBXBuildFile; fileRef = A7B75C3C27D8269500A9EE42 /* Extensions.swift */; };
		A7C3C66927CC547C00757779 /* AppDelegate.swift in Sources */ = {isa = PBXBuildFile; fileRef = A7C3C66827CC547C00757779 /* AppDelegate.swift */; };
		A7C3C66B27CC547C00757779 /* SceneDelegate.swift in Sources */ = {isa = PBXBuildFile; fileRef = A7C3C66A27CC547C00757779 /* SceneDelegate.swift */; };
		A7C3C66D27CC547C00757779 /* ViewController.swift in Sources */ = {isa = PBXBuildFile; fileRef = A7C3C66C27CC547C00757779 /* ViewController.swift */; };
		A7C3C67027CC547C00757779 /* Main.storyboard in Resources */ = {isa = PBXBuildFile; fileRef = A7C3C66E27CC547C00757779 /* Main.storyboard */; };
		A7C3C67227CC547E00757779 /* Assets.xcassets in Resources */ = {isa = PBXBuildFile; fileRef = A7C3C67127CC547E00757779 /* Assets.xcassets */; };
		A7C3C67527CC547E00757779 /* LaunchScreen.storyboard in Resources */ = {isa = PBXBuildFile; fileRef = A7C3C67327CC547E00757779 /* LaunchScreen.storyboard */; };
		A7C3C67D27CC58AB00757779 /* README.md in Resources */ = {isa = PBXBuildFile; fileRef = A7C3C67C27CC58AB00757779 /* README.md */; };
		A7C3C68727CC5A7900757779 /* MainTabController.swift in Sources */ = {isa = PBXBuildFile; fileRef = A7C3C68627CC5A7900757779 /* MainTabController.swift */; };
		A7C3C68927CC5BB100757779 /* FeedController.swift in Sources */ = {isa = PBXBuildFile; fileRef = A7C3C68827CC5BB100757779 /* FeedController.swift */; };
		A7C3C68B27CC5BBC00757779 /* SearchController.swift in Sources */ = {isa = PBXBuildFile; fileRef = A7C3C68A27CC5BBC00757779 /* SearchController.swift */; };
		A7C3C68D27CC5BD500757779 /* ImageSelectorController.swift in Sources */ = {isa = PBXBuildFile; fileRef = A7C3C68C27CC5BD500757779 /* ImageSelectorController.swift */; };
		A7C3C68F27CC5BEA00757779 /* NotificationsController.swift in Sources */ = {isa = PBXBuildFile; fileRef = A7C3C68E27CC5BEA00757779 /* NotificationsController.swift */; };
		A7C3C69127CC5BF400757779 /* ProfileController.swift in Sources */ = {isa = PBXBuildFile; fileRef = A7C3C69027CC5BF400757779 /* ProfileController.swift */; };
		A7C574BF282EC5DC00BE4E1B /* LoginController.swift in Sources */ = {isa = PBXBuildFile; fileRef = A7C574BE282EC5DC00BE4E1B /* LoginController.swift */; };
		A7C574C1282EC5EA00BE4E1B /* RegistrationController.swift in Sources */ = {isa = PBXBuildFile; fileRef = A7C574C0282EC5EA00BE4E1B /* RegistrationController.swift */; };
		A7C7ABEE29C61A640061A5C9 /* AuthenticationViewModel.swift in Sources */ = {isa = PBXBuildFile; fileRef = A7C7ABED29C61A640061A5C9 /* AuthenticationViewModel.swift */; };
		A7C7ABF029C62E320061A5C9 /* GoogleService-Info.plist in Resources */ = {isa = PBXBuildFile; fileRef = A7C7ABEF29C62E320061A5C9 /* GoogleService-Info.plist */; };
		A7C7ABF329C692E70061A5C9 /* FirebaseAuth in Frameworks */ = {isa = PBXBuildFile; productRef = A7C7ABF229C692E70061A5C9 /* FirebaseAuth */; };
		A7C7ABF529C692E70061A5C9 /* FirebaseAuthCombine-Community in Frameworks */ = {isa = PBXBuildFile; productRef = A7C7ABF429C692E70061A5C9 /* FirebaseAuthCombine-Community */; };
		A7C7ABF729C692E70061A5C9 /* FirebaseDatabase in Frameworks */ = {isa = PBXBuildFile; productRef = A7C7ABF629C692E70061A5C9 /* FirebaseDatabase */; };
		A7C7ABF929C692E70061A5C9 /* FirebaseDatabaseSwift in Frameworks */ = {isa = PBXBuildFile; productRef = A7C7ABF829C692E70061A5C9 /* FirebaseDatabaseSwift */; };
		A7C7ABFB29C692E70061A5C9 /* FirebaseFirestore in Frameworks */ = {isa = PBXBuildFile; productRef = A7C7ABFA29C692E70061A5C9 /* FirebaseFirestore */; };
		A7C7ABFD29C692E70061A5C9 /* FirebaseFirestoreCombine-Community in Frameworks */ = {isa = PBXBuildFile; productRef = A7C7ABFC29C692E70061A5C9 /* FirebaseFirestoreCombine-Community */; };
		A7C7ABFF29C692E70061A5C9 /* FirebaseInstallations in Frameworks */ = {isa = PBXBuildFile; productRef = A7C7ABFE29C692E70061A5C9 /* FirebaseInstallations */; };
		A7C7AC0129C692E70061A5C9 /* FirebaseMessaging in Frameworks */ = {isa = PBXBuildFile; productRef = A7C7AC0029C692E70061A5C9 /* FirebaseMessaging */; };
		A7C7AC0329C692E70061A5C9 /* FirebaseStorage in Frameworks */ = {isa = PBXBuildFile; productRef = A7C7AC0229C692E70061A5C9 /* FirebaseStorage */; };
		A7C7AC0529C692E70061A5C9 /* FirebaseStorageCombine-Community in Frameworks */ = {isa = PBXBuildFile; productRef = A7C7AC0429C692E70061A5C9 /* FirebaseStorageCombine-Community */; };
		A7C7AC0729C775730061A5C9 /* ImageUploader.swift in Sources */ = {isa = PBXBuildFile; fileRef = A7C7AC0629C775730061A5C9 /* ImageUploader.swift */; };
		A7C7AC0929C7758B0061A5C9 /* AuthService.swift in Sources */ = {isa = PBXBuildFile; fileRef = A7C7AC0829C7758B0061A5C9 /* AuthService.swift */; };
/* End PBXBuildFile section */

/* Begin PBXFileReference section */
		A71A38ED287E41090081F0F6 /* CustomTextField.swift */ = {isa = PBXFileReference; lastKnownFileType = sourcecode.swift; path = CustomTextField.swift; sourceTree = "<group>"; };
		A7B75C3A27D825A400A9EE42 /* FeedCell.swift */ = {isa = PBXFileReference; lastKnownFileType = sourcecode.swift; path = FeedCell.swift; sourceTree = "<group>"; };
		A7B75C3C27D8269500A9EE42 /* Extensions.swift */ = {isa = PBXFileReference; lastKnownFileType = sourcecode.swift; path = Extensions.swift; sourceTree = "<group>"; };
		A7C3C66527CC547C00757779 /* instagram-firestore.app */ = {isa = PBXFileReference; explicitFileType = wrapper.application; includeInIndex = 0; path = "instagram-firestore.app"; sourceTree = BUILT_PRODUCTS_DIR; };
		A7C3C66827CC547C00757779 /* AppDelegate.swift */ = {isa = PBXFileReference; lastKnownFileType = sourcecode.swift; path = AppDelegate.swift; sourceTree = "<group>"; };
		A7C3C66A27CC547C00757779 /* SceneDelegate.swift */ = {isa = PBXFileReference; lastKnownFileType = sourcecode.swift; path = SceneDelegate.swift; sourceTree = "<group>"; };
		A7C3C66C27CC547C00757779 /* ViewController.swift */ = {isa = PBXFileReference; lastKnownFileType = sourcecode.swift; path = ViewController.swift; sourceTree = "<group>"; };
		A7C3C66F27CC547C00757779 /* Base */ = {isa = PBXFileReference; lastKnownFileType = file.storyboard; name = Base; path = Base.lproj/Main.storyboard; sourceTree = "<group>"; };
		A7C3C67127CC547E00757779 /* Assets.xcassets */ = {isa = PBXFileReference; lastKnownFileType = folder.assetcatalog; path = Assets.xcassets; sourceTree = "<group>"; };
		A7C3C67427CC547E00757779 /* Base */ = {isa = PBXFileReference; lastKnownFileType = file.storyboard; name = Base; path = Base.lproj/LaunchScreen.storyboard; sourceTree = "<group>"; };
		A7C3C67627CC547E00757779 /* Info.plist */ = {isa = PBXFileReference; lastKnownFileType = text.plist.xml; path = Info.plist; sourceTree = "<group>"; };
		A7C3C67C27CC58AB00757779 /* README.md */ = {isa = PBXFileReference; fileEncoding = 4; lastKnownFileType = net.daringfireball.markdown; name = README.md; path = ../README.md; sourceTree = "<group>"; };
		A7C3C68627CC5A7900757779 /* MainTabController.swift */ = {isa = PBXFileReference; lastKnownFileType = sourcecode.swift; path = MainTabController.swift; sourceTree = "<group>"; };
		A7C3C68827CC5BB100757779 /* FeedController.swift */ = {isa = PBXFileReference; lastKnownFileType = sourcecode.swift; path = FeedController.swift; sourceTree = "<group>"; };
		A7C3C68A27CC5BBC00757779 /* SearchController.swift */ = {isa = PBXFileReference; lastKnownFileType = sourcecode.swift; path = SearchController.swift; sourceTree = "<group>"; };
		A7C3C68C27CC5BD500757779 /* ImageSelectorController.swift */ = {isa = PBXFileReference; lastKnownFileType = sourcecode.swift; path = ImageSelectorController.swift; sourceTree = "<group>"; };
		A7C3C68E27CC5BEA00757779 /* NotificationsController.swift */ = {isa = PBXFileReference; lastKnownFileType = sourcecode.swift; path = NotificationsController.swift; sourceTree = "<group>"; };
		A7C3C69027CC5BF400757779 /* ProfileController.swift */ = {isa = PBXFileReference; lastKnownFileType = sourcecode.swift; path = ProfileController.swift; sourceTree = "<group>"; };
		A7C574BE282EC5DC00BE4E1B /* LoginController.swift */ = {isa = PBXFileReference; lastKnownFileType = sourcecode.swift; path = LoginController.swift; sourceTree = "<group>"; };
		A7C574C0282EC5EA00BE4E1B /* RegistrationController.swift */ = {isa = PBXFileReference; lastKnownFileType = sourcecode.swift; path = RegistrationController.swift; sourceTree = "<group>"; };
		A7C7ABED29C61A640061A5C9 /* AuthenticationViewModel.swift */ = {isa = PBXFileReference; lastKnownFileType = sourcecode.swift; path = AuthenticationViewModel.swift; sourceTree = "<group>"; };
		A7C7ABEF29C62E320061A5C9 /* GoogleService-Info.plist */ = {isa = PBXFileReference; fileEncoding = 4; lastKnownFileType = text.plist.xml; path = "GoogleService-Info.plist"; sourceTree = "<group>"; };
		A7C7AC0629C775730061A5C9 /* ImageUploader.swift */ = {isa = PBXFileReference; lastKnownFileType = sourcecode.swift; path = ImageUploader.swift; sourceTree = "<group>"; };
		A7C7AC0829C7758B0061A5C9 /* AuthService.swift */ = {isa = PBXFileReference; lastKnownFileType = sourcecode.swift; path = AuthService.swift; sourceTree = "<group>"; };
/* End PBXFileReference section */

/* Begin PBXFrameworksBuildPhase section */
		A7C3C66227CC547C00757779 /* Frameworks */ = {
			isa = PBXFrameworksBuildPhase;
			buildActionMask = 2147483647;
			files = (
				A7C7AC0129C692E70061A5C9 /* FirebaseMessaging in Frameworks */,
				A7C7ABF929C692E70061A5C9 /* FirebaseDatabaseSwift in Frameworks */,
				A7C7AC0529C692E70061A5C9 /* FirebaseStorageCombine-Community in Frameworks */,
				A7C7AC0329C692E70061A5C9 /* FirebaseStorage in Frameworks */,
				A7C7ABFF29C692E70061A5C9 /* FirebaseInstallations in Frameworks */,
				A7C7ABF729C692E70061A5C9 /* FirebaseDatabase in Frameworks */,
				A7C7ABF329C692E70061A5C9 /* FirebaseAuth in Frameworks */,
				A7C7ABFD29C692E70061A5C9 /* FirebaseFirestoreCombine-Community in Frameworks */,
				A7C7ABFB29C692E70061A5C9 /* FirebaseFirestore in Frameworks */,
				A7C7ABF529C692E70061A5C9 /* FirebaseAuthCombine-Community in Frameworks */,
			);
			runOnlyForDeploymentPostprocessing = 0;
		};
/* End PBXFrameworksBuildPhase section */

/* Begin PBXGroup section */
		A7C3C65C27CC547C00757779 = {
			isa = PBXGroup;
			children = (
				A7C3C66727CC547C00757779 /* instagram-firestore */,
				A7C7ABEF29C62E320061A5C9 /* GoogleService-Info.plist */,
				A7C3C66627CC547C00757779 /* Products */,
			);
			sourceTree = "<group>";
		};
		A7C3C66627CC547C00757779 /* Products */ = {
			isa = PBXGroup;
			children = (
				A7C3C66527CC547C00757779 /* instagram-firestore.app */,
			);
			name = Products;
			sourceTree = "<group>";
		};
		A7C3C66727CC547C00757779 /* instagram-firestore */ = {
			isa = PBXGroup;
			children = (
				A7C3C68327CC59C300757779 /* Model */,
				A7C3C68227CC59BC00757779 /* View */,
				A7C3C68127CC59B900757779 /* ViewModel */,
				A7C3C67E27CC599900757779 /* Controller */,
				A7C3C68427CC5A0D00757779 /* API */,
				A7C3C68527CC5A2B00757779 /* Utils */,
				A7C3C66827CC547C00757779 /* AppDelegate.swift */,
				A7C3C66A27CC547C00757779 /* SceneDelegate.swift */,
				A7C3C66C27CC547C00757779 /* ViewController.swift */,
				A7C3C66E27CC547C00757779 /* Main.storyboard */,
				A7C3C67127CC547E00757779 /* Assets.xcassets */,
				A7C3C67327CC547E00757779 /* LaunchScreen.storyboard */,
				A7C3C67627CC547E00757779 /* Info.plist */,
				A7C3C67C27CC58AB00757779 /* README.md */,
			);
			path = "instagram-firestore";
			sourceTree = "<group>";
		};
		A7C3C67E27CC599900757779 /* Controller */ = {
			isa = PBXGroup;
			children = (
				A7C574BD282EC5C200BE4E1B /* Authentication */,
				A7C3C68627CC5A7900757779 /* MainTabController.swift */,
				A7C3C68827CC5BB100757779 /* FeedController.swift */,
				A7C3C68A27CC5BBC00757779 /* SearchController.swift */,
				A7C3C68C27CC5BD500757779 /* ImageSelectorController.swift */,
				A7C3C68E27CC5BEA00757779 /* NotificationsController.swift */,
				A7C3C69027CC5BF400757779 /* ProfileController.swift */,
			);
			path = Controller;
			sourceTree = "<group>";
		};
		A7C3C68127CC59B900757779 /* ViewModel */ = {
			isa = PBXGroup;
			children = (
				A7C7ABED29C61A640061A5C9 /* AuthenticationViewModel.swift */,
			);
			path = ViewModel;
			sourceTree = "<group>";
		};
		A7C3C68227CC59BC00757779 /* View */ = {
			isa = PBXGroup;
			children = (
				A7B75C3A27D825A400A9EE42 /* FeedCell.swift */,
				A71A38ED287E41090081F0F6 /* CustomTextField.swift */,
			);
			path = View;
			sourceTree = "<group>";
		};
		A7C3C68327CC59C300757779 /* Model */ = {
			isa = PBXGroup;
			children = (
			);
			path = Model;
			sourceTree = "<group>";
		};
		A7C3C68427CC5A0D00757779 /* API */ = {
			isa = PBXGroup;
			children = (
				A7C7AC0629C775730061A5C9 /* ImageUploader.swift */,
				A7C7AC0829C7758B0061A5C9 /* AuthService.swift */,
			);
			path = API;
			sourceTree = "<group>";
		};
		A7C3C68527CC5A2B00757779 /* Utils */ = {
			isa = PBXGroup;
			children = (
				A7B75C3C27D8269500A9EE42 /* Extensions.swift */,
			);
			path = Utils;
			sourceTree = "<group>";
		};
		A7C574BD282EC5C200BE4E1B /* Authentication */ = {
			isa = PBXGroup;
			children = (
				A7C574BE282EC5DC00BE4E1B /* LoginController.swift */,
				A7C574C0282EC5EA00BE4E1B /* RegistrationController.swift */,
			);
			path = Authentication;
			sourceTree = "<group>";
		};
/* End PBXGroup section */

/* Begin PBXNativeTarget section */
		A7C3C66427CC547C00757779 /* instagram-firestore */ = {
			isa = PBXNativeTarget;
			buildConfigurationList = A7C3C67927CC547E00757779 /* Build configuration list for PBXNativeTarget "instagram-firestore" */;
			buildPhases = (
				A7C3C66127CC547C00757779 /* Sources */,
				A7C3C66227CC547C00757779 /* Frameworks */,
				A7C3C66327CC547C00757779 /* Resources */,
			);
			buildRules = (
			);
			dependencies = (
			);
			name = "instagram-firestore";
			packageProductDependencies = (
				A7C7ABF229C692E70061A5C9 /* FirebaseAuth */,
				A7C7ABF429C692E70061A5C9 /* FirebaseAuthCombine-Community */,
				A7C7ABF629C692E70061A5C9 /* FirebaseDatabase */,
				A7C7ABF829C692E70061A5C9 /* FirebaseDatabaseSwift */,
				A7C7ABFA29C692E70061A5C9 /* FirebaseFirestore */,
				A7C7ABFC29C692E70061A5C9 /* FirebaseFirestoreCombine-Community */,
				A7C7ABFE29C692E70061A5C9 /* FirebaseInstallations */,
				A7C7AC0029C692E70061A5C9 /* FirebaseMessaging */,
				A7C7AC0229C692E70061A5C9 /* FirebaseStorage */,
				A7C7AC0429C692E70061A5C9 /* FirebaseStorageCombine-Community */,
			);
			productName = "instagram-firestore";
			productReference = A7C3C66527CC547C00757779 /* instagram-firestore.app */;
			productType = "com.apple.product-type.application";
		};
/* End PBXNativeTarget section */

/* Begin PBXProject section */
		A7C3C65D27CC547C00757779 /* Project object */ = {
			isa = PBXProject;
			attributes = {
				BuildIndependentTargetsInParallel = 1;
				LastSwiftUpdateCheck = 1320;
				LastUpgradeCheck = 1320;
				TargetAttributes = {
					A7C3C66427CC547C00757779 = {
						CreatedOnToolsVersion = 13.2.1;
					};
				};
			};
			buildConfigurationList = A7C3C66027CC547C00757779 /* Build configuration list for PBXProject "instagram-firestore" */;
			compatibilityVersion = "Xcode 13.0";
			developmentRegion = en;
			hasScannedForEncodings = 0;
			knownRegions = (
				en,
				Base,
			);
			mainGroup = A7C3C65C27CC547C00757779;
			packageReferences = (
				A7C7ABF129C692E70061A5C9 /* XCRemoteSwiftPackageReference "firebase-ios-sdk" */,
			);
			productRefGroup = A7C3C66627CC547C00757779 /* Products */;
			projectDirPath = "";
			projectRoot = "";
			targets = (
				A7C3C66427CC547C00757779 /* instagram-firestore */,
			);
		};
/* End PBXProject section */

/* Begin PBXResourcesBuildPhase section */
		A7C3C66327CC547C00757779 /* Resources */ = {
			isa = PBXResourcesBuildPhase;
			buildActionMask = 2147483647;
			files = (
				A7C3C67527CC547E00757779 /* LaunchScreen.storyboard in Resources */,
				A7C3C67227CC547E00757779 /* Assets.xcassets in Resources */,
				A7C7ABF029C62E320061A5C9 /* GoogleService-Info.plist in Resources */,
				A7C3C67D27CC58AB00757779 /* README.md in Resources */,
				A7C3C67027CC547C00757779 /* Main.storyboard in Resources */,
			);
			runOnlyForDeploymentPostprocessing = 0;
		};
/* End PBXResourcesBuildPhase section */

/* Begin PBXSourcesBuildPhase section */
		A7C3C66127CC547C00757779 /* Sources */ = {
			isa = PBXSourcesBuildPhase;
			buildActionMask = 2147483647;
			files = (
				A71A38EE287E41090081F0F6 /* CustomTextField.swift in Sources */,
				A7C3C66D27CC547C00757779 /* ViewController.swift in Sources */,
				A7C574BF282EC5DC00BE4E1B /* LoginController.swift in Sources */,
				A7B75C3B27D825A400A9EE42 /* FeedCell.swift in Sources */,
				A7C3C68D27CC5BD500757779 /* ImageSelectorController.swift in Sources */,
				A7C3C68F27CC5BEA00757779 /* NotificationsController.swift in Sources */,
				A7C7ABEE29C61A640061A5C9 /* AuthenticationViewModel.swift in Sources */,
				A7C3C68B27CC5BBC00757779 /* SearchController.swift in Sources */,
				A7C3C66927CC547C00757779 /* AppDelegate.swift in Sources */,
				A7C3C69127CC5BF400757779 /* ProfileController.swift in Sources */,
				A7C3C68927CC5BB100757779 /* FeedController.swift in Sources */,
				A7C3C68727CC5A7900757779 /* MainTabController.swift in Sources */,
				A7B75C3D27D8269500A9EE42 /* Extensions.swift in Sources */,
				A7C7AC0729C775730061A5C9 /* ImageUploader.swift in Sources */,
				A7C7AC0929C7758B0061A5C9 /* AuthService.swift in Sources */,
				A7C3C66B27CC547C00757779 /* SceneDelegate.swift in Sources */,
				A7C574C1282EC5EA00BE4E1B /* RegistrationController.swift in Sources */,
			);
			runOnlyForDeploymentPostprocessing = 0;
		};
/* End PBXSourcesBuildPhase section */

/* Begin PBXVariantGroup section */
		A7C3C66E27CC547C00757779 /* Main.storyboard */ = {
			isa = PBXVariantGroup;
			children = (
				A7C3C66F27CC547C00757779 /* Base */,
			);
			name = Main.storyboard;
			sourceTree = "<group>";
		};
		A7C3C67327CC547E00757779 /* LaunchScreen.storyboard */ = {
			isa = PBXVariantGroup;
			children = (
				A7C3C67427CC547E00757779 /* Base */,
			);
			name = LaunchScreen.storyboard;
			sourceTree = "<group>";
		};
/* End PBXVariantGroup section */

/* Begin XCBuildConfiguration section */
		A7C3C67727CC547E00757779 /* Debug */ = {
			isa = XCBuildConfiguration;
			buildSettings = {
				ALWAYS_SEARCH_USER_PATHS = NO;
				CLANG_ANALYZER_NONNULL = YES;
				CLANG_ANALYZER_NUMBER_OBJECT_CONVERSION = YES_AGGRESSIVE;
				CLANG_CXX_LANGUAGE_STANDARD = "gnu++17";
				CLANG_CXX_LIBRARY = "libc++";
				CLANG_ENABLE_MODULES = YES;
				CLANG_ENABLE_OBJC_ARC = YES;
				CLANG_ENABLE_OBJC_WEAK = YES;
				CLANG_WARN_BLOCK_CAPTURE_AUTORELEASING = YES;
				CLANG_WARN_BOOL_CONVERSION = YES;
				CLANG_WARN_COMMA = YES;
				CLANG_WARN_CONSTANT_CONVERSION = YES;
				CLANG_WARN_DEPRECATED_OBJC_IMPLEMENTATIONS = YES;
				CLANG_WARN_DIRECT_OBJC_ISA_USAGE = YES_ERROR;
				CLANG_WARN_DOCUMENTATION_COMMENTS = YES;
				CLANG_WARN_EMPTY_BODY = YES;
				CLANG_WARN_ENUM_CONVERSION = YES;
				CLANG_WARN_INFINITE_RECURSION = YES;
				CLANG_WARN_INT_CONVERSION = YES;
				CLANG_WARN_NON_LITERAL_NULL_CONVERSION = YES;
				CLANG_WARN_OBJC_IMPLICIT_RETAIN_SELF = YES;
				CLANG_WARN_OBJC_LITERAL_CONVERSION = YES;
				CLANG_WARN_OBJC_ROOT_CLASS = YES_ERROR;
				CLANG_WARN_QUOTED_INCLUDE_IN_FRAMEWORK_HEADER = YES;
				CLANG_WARN_RANGE_LOOP_ANALYSIS = YES;
				CLANG_WARN_STRICT_PROTOTYPES = YES;
				CLANG_WARN_SUSPICIOUS_MOVE = YES;
				CLANG_WARN_UNGUARDED_AVAILABILITY = YES_AGGRESSIVE;
				CLANG_WARN_UNREACHABLE_CODE = YES;
				CLANG_WARN__DUPLICATE_METHOD_MATCH = YES;
				COPY_PHASE_STRIP = NO;
				DEBUG_INFORMATION_FORMAT = dwarf;
				ENABLE_STRICT_OBJC_MSGSEND = YES;
				ENABLE_TESTABILITY = YES;
				GCC_C_LANGUAGE_STANDARD = gnu11;
				GCC_DYNAMIC_NO_PIC = NO;
				GCC_NO_COMMON_BLOCKS = YES;
				GCC_OPTIMIZATION_LEVEL = 0;
				GCC_PREPROCESSOR_DEFINITIONS = (
					"DEBUG=1",
					"$(inherited)",
				);
				GCC_WARN_64_TO_32_BIT_CONVERSION = YES;
				GCC_WARN_ABOUT_RETURN_TYPE = YES_ERROR;
				GCC_WARN_UNDECLARED_SELECTOR = YES;
				GCC_WARN_UNINITIALIZED_AUTOS = YES_AGGRESSIVE;
				GCC_WARN_UNUSED_FUNCTION = YES;
				GCC_WARN_UNUSED_VARIABLE = YES;
				IPHONEOS_DEPLOYMENT_TARGET = 15.2;
				MTL_ENABLE_DEBUG_INFO = INCLUDE_SOURCE;
				MTL_FAST_MATH = YES;
				ONLY_ACTIVE_ARCH = YES;
				SDKROOT = iphoneos;
				SWIFT_ACTIVE_COMPILATION_CONDITIONS = DEBUG;
				SWIFT_OPTIMIZATION_LEVEL = "-Onone";
			};
			name = Debug;
		};
		A7C3C67827CC547E00757779 /* Release */ = {
			isa = XCBuildConfiguration;
			buildSettings = {
				ALWAYS_SEARCH_USER_PATHS = NO;
				CLANG_ANALYZER_NONNULL = YES;
				CLANG_ANALYZER_NUMBER_OBJECT_CONVERSION = YES_AGGRESSIVE;
				CLANG_CXX_LANGUAGE_STANDARD = "gnu++17";
				CLANG_CXX_LIBRARY = "libc++";
				CLANG_ENABLE_MODULES = YES;
				CLANG_ENABLE_OBJC_ARC = YES;
				CLANG_ENABLE_OBJC_WEAK = YES;
				CLANG_WARN_BLOCK_CAPTURE_AUTORELEASING = YES;
				CLANG_WARN_BOOL_CONVERSION = YES;
				CLANG_WARN_COMMA = YES;
				CLANG_WARN_CONSTANT_CONVERSION = YES;
				CLANG_WARN_DEPRECATED_OBJC_IMPLEMENTATIONS = YES;
				CLANG_WARN_DIRECT_OBJC_ISA_USAGE = YES_ERROR;
				CLANG_WARN_DOCUMENTATION_COMMENTS = YES;
				CLANG_WARN_EMPTY_BODY = YES;
				CLANG_WARN_ENUM_CONVERSION = YES;
				CLANG_WARN_INFINITE_RECURSION = YES;
				CLANG_WARN_INT_CONVERSION = YES;
				CLANG_WARN_NON_LITERAL_NULL_CONVERSION = YES;
				CLANG_WARN_OBJC_IMPLICIT_RETAIN_SELF = YES;
				CLANG_WARN_OBJC_LITERAL_CONVERSION = YES;
				CLANG_WARN_OBJC_ROOT_CLASS = YES_ERROR;
				CLANG_WARN_QUOTED_INCLUDE_IN_FRAMEWORK_HEADER = YES;
				CLANG_WARN_RANGE_LOOP_ANALYSIS = YES;
				CLANG_WARN_STRICT_PROTOTYPES = YES;
				CLANG_WARN_SUSPICIOUS_MOVE = YES;
				CLANG_WARN_UNGUARDED_AVAILABILITY = YES_AGGRESSIVE;
				CLANG_WARN_UNREACHABLE_CODE = YES;
				CLANG_WARN__DUPLICATE_METHOD_MATCH = YES;
				COPY_PHASE_STRIP = NO;
				DEBUG_INFORMATION_FORMAT = "dwarf-with-dsym";
				ENABLE_NS_ASSERTIONS = NO;
				ENABLE_STRICT_OBJC_MSGSEND = YES;
				GCC_C_LANGUAGE_STANDARD = gnu11;
				GCC_NO_COMMON_BLOCKS = YES;
				GCC_WARN_64_TO_32_BIT_CONVERSION = YES;
				GCC_WARN_ABOUT_RETURN_TYPE = YES_ERROR;
				GCC_WARN_UNDECLARED_SELECTOR = YES;
				GCC_WARN_UNINITIALIZED_AUTOS = YES_AGGRESSIVE;
				GCC_WARN_UNUSED_FUNCTION = YES;
				GCC_WARN_UNUSED_VARIABLE = YES;
				IPHONEOS_DEPLOYMENT_TARGET = 15.2;
				MTL_ENABLE_DEBUG_INFO = NO;
				MTL_FAST_MATH = YES;
				SDKROOT = iphoneos;
				SWIFT_COMPILATION_MODE = wholemodule;
				SWIFT_OPTIMIZATION_LEVEL = "-O";
				VALIDATE_PRODUCT = YES;
			};
			name = Release;
		};
		A7C3C67A27CC547E00757779 /* Debug */ = {
			isa = XCBuildConfiguration;
			buildSettings = {
				ASSETCATALOG_COMPILER_APPICON_NAME = AppIcon;
				ASSETCATALOG_COMPILER_GLOBAL_ACCENT_COLOR_NAME = AccentColor;
				CODE_SIGN_STYLE = Automatic;
				CURRENT_PROJECT_VERSION = 1;
				DEVELOPMENT_TEAM = AL628484ZL;
				GENERATE_INFOPLIST_FILE = YES;
				INFOPLIST_FILE = "instagram-firestore/Info.plist";
				INFOPLIST_KEY_UIApplicationSupportsIndirectInputEvents = YES;
				INFOPLIST_KEY_UILaunchStoryboardName = LaunchScreen;
				INFOPLIST_KEY_UIMainStoryboardFile = Main;
				INFOPLIST_KEY_UISupportedInterfaceOrientations_iPad = "UIInterfaceOrientationPortrait UIInterfaceOrientationPortraitUpsideDown UIInterfaceOrientationLandscapeLeft UIInterfaceOrientationLandscapeRight";
				INFOPLIST_KEY_UISupportedInterfaceOrientations_iPhone = "UIInterfaceOrientationPortrait UIInterfaceOrientationLandscapeLeft UIInterfaceOrientationLandscapeRight";
				LD_RUNPATH_SEARCH_PATHS = (
					"$(inherited)",
					"@executable_path/Frameworks",
				);
				MARKETING_VERSION = 1.0;
				PRODUCT_BUNDLE_IDENTIFIER = "com.sydneyturner.instagram-firestore";
				PRODUCT_NAME = "$(TARGET_NAME)";
				SWIFT_EMIT_LOC_STRINGS = YES;
				SWIFT_VERSION = 5.0;
				TARGETED_DEVICE_FAMILY = "1,2";
			};
			name = Debug;
		};
		A7C3C67B27CC547E00757779 /* Release */ = {
			isa = XCBuildConfiguration;
			buildSettings = {
				ASSETCATALOG_COMPILER_APPICON_NAME = AppIcon;
				ASSETCATALOG_COMPILER_GLOBAL_ACCENT_COLOR_NAME = AccentColor;
				CODE_SIGN_STYLE = Automatic;
				CURRENT_PROJECT_VERSION = 1;
				DEVELOPMENT_TEAM = AL628484ZL;
				GENERATE_INFOPLIST_FILE = YES;
				INFOPLIST_FILE = "instagram-firestore/Info.plist";
				INFOPLIST_KEY_UIApplicationSupportsIndirectInputEvents = YES;
				INFOPLIST_KEY_UILaunchStoryboardName = LaunchScreen;
				INFOPLIST_KEY_UIMainStoryboardFile = Main;
				INFOPLIST_KEY_UISupportedInterfaceOrientations_iPad = "UIInterfaceOrientationPortrait UIInterfaceOrientationPortraitUpsideDown UIInterfaceOrientationLandscapeLeft UIInterfaceOrientationLandscapeRight";
				INFOPLIST_KEY_UISupportedInterfaceOrientations_iPhone = "UIInterfaceOrientationPortrait UIInterfaceOrientationLandscapeLeft UIInterfaceOrientationLandscapeRight";
				LD_RUNPATH_SEARCH_PATHS = (
					"$(inherited)",
					"@executable_path/Frameworks",
				);
				MARKETING_VERSION = 1.0;
				PRODUCT_BUNDLE_IDENTIFIER = "com.sydneyturner.instagram-firestore";
				PRODUCT_NAME = "$(TARGET_NAME)";
				SWIFT_EMIT_LOC_STRINGS = YES;
				SWIFT_VERSION = 5.0;
				TARGETED_DEVICE_FAMILY = "1,2";
			};
			name = Release;
		};
/* End XCBuildConfiguration section */

/* Begin XCConfigurationList section */
		A7C3C66027CC547C00757779 /* Build configuration list for PBXProject "instagram-firestore" */ = {
			isa = XCConfigurationList;
			buildConfigurations = (
				A7C3C67727CC547E00757779 /* Debug */,
				A7C3C67827CC547E00757779 /* Release */,
			);
			defaultConfigurationIsVisible = 0;
			defaultConfigurationName = Release;
		};
		A7C3C67927CC547E00757779 /* Build configuration list for PBXNativeTarget "instagram-firestore" */ = {
			isa = XCConfigurationList;
			buildConfigurations = (
				A7C3C67A27CC547E00757779 /* Debug */,
				A7C3C67B27CC547E00757779 /* Release */,
			);
			defaultConfigurationIsVisible = 0;
			defaultConfigurationName = Release;
		};
/* End XCConfigurationList section */

/* Begin XCRemoteSwiftPackageReference section */
		A7C7ABF129C692E70061A5C9 /* XCRemoteSwiftPackageReference "firebase-ios-sdk" */ = {
			isa = XCRemoteSwiftPackageReference;
			repositoryURL = "https://github.com/firebase/firebase-ios-sdk";
			requirement = {
				kind = upToNextMajorVersion;
				minimumVersion = 9.0.0;
			};
		};
/* End XCRemoteSwiftPackageReference section */

/* Begin XCSwiftPackageProductDependency section */
		A7C7ABF229C692E70061A5C9 /* FirebaseAuth */ = {
			isa = XCSwiftPackageProductDependency;
			package = A7C7ABF129C692E70061A5C9 /* XCRemoteSwiftPackageReference "firebase-ios-sdk" */;
			productName = FirebaseAuth;
		};
		A7C7ABF429C692E70061A5C9 /* FirebaseAuthCombine-Community */ = {
			isa = XCSwiftPackageProductDependency;
			package = A7C7ABF129C692E70061A5C9 /* XCRemoteSwiftPackageReference "firebase-ios-sdk" */;
			productName = "FirebaseAuthCombine-Community";
		};
		A7C7ABF629C692E70061A5C9 /* FirebaseDatabase */ = {
			isa = XCSwiftPackageProductDependency;
			package = A7C7ABF129C692E70061A5C9 /* XCRemoteSwiftPackageReference "firebase-ios-sdk" */;
			productName = FirebaseDatabase;
		};
		A7C7ABF829C692E70061A5C9 /* FirebaseDatabaseSwift */ = {
			isa = XCSwiftPackageProductDependency;
			package = A7C7ABF129C692E70061A5C9 /* XCRemoteSwiftPackageReference "firebase-ios-sdk" */;
			productName = FirebaseDatabaseSwift;
		};
		A7C7ABFA29C692E70061A5C9 /* FirebaseFirestore */ = {
			isa = XCSwiftPackageProductDependency;
			package = A7C7ABF129C692E70061A5C9 /* XCRemoteSwiftPackageReference "firebase-ios-sdk" */;
			productName = FirebaseFirestore;
		};
		A7C7ABFC29C692E70061A5C9 /* FirebaseFirestoreCombine-Community */ = {
			isa = XCSwiftPackageProductDependency;
			package = A7C7ABF129C692E70061A5C9 /* XCRemoteSwiftPackageReference "firebase-ios-sdk" */;
			productName = "FirebaseFirestoreCombine-Community";
		};
		A7C7ABFE29C692E70061A5C9 /* FirebaseInstallations */ = {
			isa = XCSwiftPackageProductDependency;
			package = A7C7ABF129C692E70061A5C9 /* XCRemoteSwiftPackageReference "firebase-ios-sdk" */;
			productName = FirebaseInstallations;
		};
		A7C7AC0029C692E70061A5C9 /* FirebaseMessaging */ = {
			isa = XCSwiftPackageProductDependency;
			package = A7C7ABF129C692E70061A5C9 /* XCRemoteSwiftPackageReference "firebase-ios-sdk" */;
			productName = FirebaseMessaging;
		};
		A7C7AC0229C692E70061A5C9 /* FirebaseStorage */ = {
			isa = XCSwiftPackageProductDependency;
			package = A7C7ABF129C692E70061A5C9 /* XCRemoteSwiftPackageReference "firebase-ios-sdk" */;
			productName = FirebaseStorage;
		};
		A7C7AC0429C692E70061A5C9 /* FirebaseStorageCombine-Community */ = {
			isa = XCSwiftPackageProductDependency;
			package = A7C7ABF129C692E70061A5C9 /* XCRemoteSwiftPackageReference "firebase-ios-sdk" */;
			productName = "FirebaseStorageCombine-Community";
		};
/* End XCSwiftPackageProductDependency section */
	};
	rootObject = A7C3C65D27CC547C00757779 /* Project object */;
}
